
Microsoft Visual Studio Solution File, Format Version 12.00
# Visual Studio 15
VisualStudioVersion = 15.0.27004.2009
MinimumVisualStudioVersion = 10.0.40219.1
Project("{9A19103F-16F7-4668-BE54-9A1E7A4F7556}") = "Zhuang.Commons", "Zhuang.Commons\Zhuang.Commons.csproj", "{DEF16E1E-C316-472F-BD74-F99C521F5ED8}"
EndProject
Project("{FAE04EC0-301F-11D3-BF4B-00C04F79EFBC}") = "Zhuang.Commons.Test", "Zhuang.Commons.Test\Zhuang.Commons.Test.csproj", "{6481FDB6-D0C6-47DF-8E0C-CD9B0289E523}"
EndProject
Global
	GlobalSection(SolutionConfigurationPlatforms) = preSolution
		Debug|Any CPU = Debug|Any CPU
		Release|Any CPU = Release|Any CPU
	EndGlobalSection
	GlobalSection(ProjectConfigurationPlatforms) = postSolution
		{DEF16E1E-C316-472F-BD74-F99C521F5ED8}.Debug|Any CPU.ActiveCfg = Debug|Any CPU
		{DEF16E1E-C316-472F-BD74-F99C521F5ED8}.Debug|Any CPU.Build.0 = Debug|Any CPU
		{DEF16E1E-C316-472F-BD74-F99C521F5ED8}.Release|Any CPU.ActiveCfg = Release|Any CPU
		{DEF16E1E-C316-472F-BD74-F99C521F5ED8}.Release|Any CPU.Build.0 = Release|Any CPU
		{6481FDB6-D0C6-47DF-8E0C-CD9B0289E523}.Debug|Any CPU.ActiveCfg = Debug|Any CPU
		{6481FDB6-D0C6-47DF-8E0C-CD9B0289E523}.Debug|Any CPU.Build.0 = Debug|Any CPU
		{6481FDB6-D0C6-47DF-8E0C-CD9B0289E523}.Release|Any CPU.ActiveCfg = Release|Any CPU
		{6481FDB6-D0C6-47DF-8E0C-CD9B0289E523}.Release|Any CPU.Build.0 = Release|Any CPU
	EndGlobalSection
	GlobalSection(SolutionProperties) = preSolution
		HideSolutionNode = FALSE
	EndGlobalSection
	GlobalSection(ExtensibilityGlobals) = postSolution
		SolutionGuid = {9D29CB19-747C-46A0-BC56-A39AAC132CF9}
	EndGlobalSection
EndGlobal
